
Microsoft Visual Studio Solution File, Format Version 12.00
# Visual Studio 14
VisualStudioVersion = 14.0.25123.0
MinimumVisualStudioVersion = 10.0.40219.1
Project("{FAE04EC0-301F-11D3-BF4B-00C04F79EFBC}") = "Week05-01", "Week05-01\Week05-01.csproj", "{DD30380F-F317-48C5-A349-5C0C0D4FCD8C}"
EndProject
Project("{FAE04EC0-301F-11D3-BF4B-00C04F79EFBC}") = "PersonProject", "PersonProject\PersonProject.csproj", "{F94A4E93-21DD-4B5C-B8B1-31FC5795CFE3}"
EndProject
Global
	GlobalSection(SolutionConfigurationPlatforms) = preSolution
		Debug|Any CPU = Debug|Any CPU
		Release|Any CPU = Release|Any CPU
	EndGlobalSection
	GlobalSection(ProjectConfigurationPlatforms) = postSolution
		{DD30380F-F317-48C5-A349-5C0C0D4FCD8C}.Debug|Any CPU.ActiveCfg = Debug|Any CPU
		{DD30380F-F317-48C5-A349-5C0C0D4FCD8C}.Debug|Any CPU.Build.0 = Debug|Any CPU
		{DD30380F-F317-48C5-A349-5C0C0D4FCD8C}.Release|Any CPU.ActiveCfg = Release|Any CPU
		{DD30380F-F317-48C5-A349-5C0C0D4FCD8C}.Release|Any CPU.Build.0 = Release|Any CPU
		{F94A4E93-21DD-4B5C-B8B1-31FC5795CFE3}.Debug|Any CPU.ActiveCfg = Debug|Any CPU
		{F94A4E93-21DD-4B5C-B8B1-31FC5795CFE3}.Debug|Any CPU.Build.0 = Debug|Any CPU
		{F94A4E93-21DD-4B5C-B8B1-31FC5795CFE3}.Release|Any CPU.ActiveCfg = Release|Any CPU
		{F94A4E93-21DD-4B5C-B8B1-31FC5795CFE3}.Release|Any CPU.Build.0 = Release|Any CPU
	EndGlobalSection
	GlobalSection(SolutionProperties) = preSolution
		HideSolutionNode = FALSE
	EndGlobalSection
EndGlobal
